
Microsoft Visual Studio Solution File, Format Version 12.00
# Visual Studio Version 17
VisualStudioVersion = 17.0.31903.59
MinimumVisualStudioVersion = 10.0.40219.1
Project("{2150E333-8FDC-42A3-9474-1A3956D46DE8}") = "Backend", "Backend", "{1AE8ACA6-933B-BF2A-3671-3E2EAC007D16}"
EndProject
Project("{FAE04EC0-301F-11D3-BF4B-00C04F79EFBC}") = "SecretCustomer.API", "Backend\SecretCustomer.API\SecretCustomer.API.csproj", "{71AE639B-B487-4AEB-8C66-067C32B96255}"
EndProject
Project("{FAE04EC0-301F-11D3-BF4B-00C04F79EFBC}") = "SecretCustomer.Core", "Backend\SecretCustomer.Core\SecretCustomer.Core.csproj", "{50AE709C-427F-4C77-A2BE-F637211E4B03}"
EndProject
Project("{FAE04EC0-301F-11D3-BF4B-00C04F79EFBC}") = "SecretCustomer.Data", "Backend\SecretCustomer.Data\SecretCustomer.Data.csproj", "{541CBDE7-0540-42CE-9BB6-3C51B39934D7}"
EndProject
Project("{FAE04EC0-301F-11D3-BF4B-00C04F79EFBC}") = "SecretCustomer.Services", "Backend\SecretCustomer.Services\SecretCustomer.Services.csproj", "{8196F08E-6336-4479-BD40-172E9882E9A8}"
EndProject
Global
	GlobalSection(SolutionConfigurationPlatforms) = preSolution
		Debug|Any CPU = Debug|Any CPU
		Debug|x64 = Debug|x64
		Debug|x86 = Debug|x86
		Release|Any CPU = Release|Any CPU
		Release|x64 = Release|x64
		Release|x86 = Release|x86
	EndGlobalSection
	GlobalSection(ProjectConfigurationPlatforms) = postSolution
		{71AE639B-B487-4AEB-8C66-067C32B96255}.Debug|Any CPU.ActiveCfg = Debug|Any CPU
		{71AE639B-B487-4AEB-8C66-067C32B96255}.Debug|Any CPU.Build.0 = Debug|Any CPU
		{71AE639B-B487-4AEB-8C66-067C32B96255}.Debug|x64.ActiveCfg = Debug|Any CPU
		{71AE639B-B487-4AEB-8C66-067C32B96255}.Debug|x64.Build.0 = Debug|Any CPU
		{71AE639B-B487-4AEB-8C66-067C32B96255}.Debug|x86.ActiveCfg = Debug|Any CPU
		{71AE639B-B487-4AEB-8C66-067C32B96255}.Debug|x86.Build.0 = Debug|Any CPU
		{71AE639B-B487-4AEB-8C66-067C32B96255}.Release|Any CPU.ActiveCfg = Release|Any CPU
		{71AE639B-B487-4AEB-8C66-067C32B96255}.Release|Any CPU.Build.0 = Release|Any CPU
		{71AE639B-B487-4AEB-8C66-067C32B96255}.Release|x64.ActiveCfg = Release|Any CPU
		{71AE639B-B487-4AEB-8C66-067C32B96255}.Release|x64.Build.0 = Release|Any CPU
		{71AE639B-B487-4AEB-8C66-067C32B96255}.Release|x86.ActiveCfg = Release|Any CPU
		{71AE639B-B487-4AEB-8C66-067C32B96255}.Release|x86.Build.0 = Release|Any CPU
		{50AE709C-427F-4C77-A2BE-F637211E4B03}.Debug|Any CPU.ActiveCfg = Debug|Any CPU
		{50AE709C-427F-4C77-A2BE-F637211E4B03}.Debug|Any CPU.Build.0 = Debug|Any CPU
		{50AE709C-427F-4C77-A2BE-F637211E4B03}.Debug|x64.ActiveCfg = Debug|Any CPU
		{50AE709C-427F-4C77-A2BE-F637211E4B03}.Debug|x64.Build.0 = Debug|Any CPU
		{50AE709C-427F-4C77-A2BE-F637211E4B03}.Debug|x86.ActiveCfg = Debug|Any CPU
		{50AE709C-427F-4C77-A2BE-F637211E4B03}.Debug|x86.Build.0 = Debug|Any CPU
		{50AE709C-427F-4C77-A2BE-F637211E4B03}.Release|Any CPU.ActiveCfg = Release|Any CPU
		{50AE709C-427F-4C77-A2BE-F637211E4B03}.Release|Any CPU.Build.0 = Release|Any CPU
		{50AE709C-427F-4C77-A2BE-F637211E4B03}.Release|x64.ActiveCfg = Release|Any CPU
		{50AE709C-427F-4C77-A2BE-F637211E4B03}.Release|x64.Build.0 = Release|Any CPU
		{50AE709C-427F-4C77-A2BE-F637211E4B03}.Release|x86.ActiveCfg = Release|Any CPU
		{50AE709C-427F-4C77-A2BE-F637211E4B03}.Release|x86.Build.0 = Release|Any CPU
		{541CBDE7-0540-42CE-9BB6-3C51B39934D7}.Debug|Any CPU.ActiveCfg = Debug|Any CPU
		{541CBDE7-0540-42CE-9BB6-3C51B39934D7}.Debug|Any CPU.Build.0 = Debug|Any CPU
		{541CBDE7-0540-42CE-9BB6-3C51B39934D7}.Debug|x64.ActiveCfg = Debug|Any CPU
		{541CBDE7-0540-42CE-9BB6-3C51B39934D7}.Debug|x64.Build.0 = Debug|Any CPU
		{541CBDE7-0540-42CE-9BB6-3C51B39934D7}.Debug|x86.ActiveCfg = Debug|Any CPU
		{541CBDE7-0540-42CE-9BB6-3C51B39934D7}.Debug|x86.Build.0 = Debug|Any CPU
		{541CBDE7-0540-42CE-9BB6-3C51B39934D7}.Release|Any CPU.ActiveCfg = Release|Any CPU
		{541CBDE7-0540-42CE-9BB6-3C51B39934D7}.Release|Any CPU.Build.0 = Release|Any CPU
		{541CBDE7-0540-42CE-9BB6-3C51B39934D7}.Release|x64.ActiveCfg = Release|Any CPU
		{541CBDE7-0540-42CE-9BB6-3C51B39934D7}.Release|x64.Build.0 = Release|Any CPU
		{541CBDE7-0540-42CE-9BB6-3C51B39934D7}.Release|x86.ActiveCfg = Release|Any CPU
		{541CBDE7-0540-42CE-9BB6-3C51B39934D7}.Release|x86.Build.0 = Release|Any CPU
		{8196F08E-6336-4479-BD40-172E9882E9A8}.Debug|Any CPU.ActiveCfg = Debug|Any CPU
		{8196F08E-6336-4479-BD40-172E9882E9A8}.Debug|Any CPU.Build.0 = Debug|Any CPU
		{8196F08E-6336-4479-BD40-172E9882E9A8}.Debug|x64.ActiveCfg = Debug|Any CPU
		{8196F08E-6336-4479-BD40-172E9882E9A8}.Debug|x64.Build.0 = Debug|Any CPU
		{8196F08E-6336-4479-BD40-172E9882E9A8}.Debug|x86.ActiveCfg = Debug|Any CPU
		{8196F08E-6336-4479-BD40-172E9882E9A8}.Debug|x86.Build.0 = Debug|Any CPU
		{8196F08E-6336-4479-BD40-172E9882E9A8}.Release|Any CPU.ActiveCfg = Release|Any CPU
		{8196F08E-6336-4479-BD40-172E9882E9A8}.Release|Any CPU.Build.0 = Release|Any CPU
		{8196F08E-6336-4479-BD40-172E9882E9A8}.Release|x64.ActiveCfg = Release|Any CPU
		{8196F08E-6336-4479-BD40-172E9882E9A8}.Release|x64.Build.0 = Release|Any CPU
		{8196F08E-6336-4479-BD40-172E9882E9A8}.Release|x86.ActiveCfg = Release|Any CPU
		{8196F08E-6336-4479-BD40-172E9882E9A8}.Release|x86.Build.0 = Release|Any CPU
	EndGlobalSection
	GlobalSection(SolutionProperties) = preSolution
		HideSolutionNode = FALSE
	EndGlobalSection
	GlobalSection(NestedProjects) = preSolution
		{71AE639B-B487-4AEB-8C66-067C32B96255} = {1AE8ACA6-933B-BF2A-3671-3E2EAC007D16}
		{50AE709C-427F-4C77-A2BE-F637211E4B03} = {1AE8ACA6-933B-BF2A-3671-3E2EAC007D16}
		{541CBDE7-0540-42CE-9BB6-3C51B39934D7} = {1AE8ACA6-933B-BF2A-3671-3E2EAC007D16}
		{8196F08E-6336-4479-BD40-172E9882E9A8} = {1AE8ACA6-933B-BF2A-3671-3E2EAC007D16}
	EndGlobalSection
EndGlobal
