
Microsoft Visual Studio Solution File, Format Version 12.00
# Visual Studio Version 17
VisualStudioVersion = 17.0.31903.59
MinimumVisualStudioVersion = 10.0.40219.1
Project("{2150E333-8FDC-42A3-9474-1A3956D46DE8}") = "Backend", "Backend", "{1AE8ACA6-933B-BF2A-3671-3E2EAC007D16}"
EndProject
Project("{2150E333-8FDC-42A3-9474-1A3956D46DE8}") = "Frontend", "Frontend", "{2BE9ADA7-A33C-CF3B-4782-4F3FBD108E27}"
EndProject
Project("{2150E333-8FDC-42A3-9474-1A3956D46DE8}") = "PythonServices", "PythonServices", "{1BCB4F8A-3487-F432-E3CB-BEDF8EC638F9}"
EndProject
Project("{2150E333-8FDC-42A3-9474-1A3956D46DE8}") = "Documentation", "Documentation", "{5CE8E52D-A8AF-340A-4033-B85429601BE7}"
	ProjectSection(SolutionItems) = preProject
		README.md = README.md
		.gitignore = .gitignore
		PUSH_INSTRUCTIONS.md = PUSH_INSTRUCTIONS.md
		docs\01-proje-kurulumu.md = docs\01-proje-kurulumu.md
		docs\02-database-modeli.md = docs\02-database-modeli.md
		docs\03-kontrol-listesi-modulu.md = docs\03-kontrol-listesi-modulu.md
		docs\04-atama-mantigi-modulu.md = docs\04-atama-mantigi-modulu.md
		docs\05-dashboard-ve-raporlama.md = docs\05-dashboard-ve-raporlama.md
		docs\06-authentication-authorization.md = docs\06-authentication-authorization.md
		docs\07-frontend-temel-yapi.md = docs\07-frontend-temel-yapi.md
		docs\08-frontend-kontrol-listesi-ui.md = docs\08-frontend-kontrol-listesi-ui.md
		docs\09-frontend-degerlendirme-formu-ui.md = docs\09-frontend-degerlendirme-formu-ui.md
		docs\10-frontend-ozet.md = docs\10-frontend-ozet.md
		docs\11-database-setup.md = docs\11-database-setup.md
	EndProjectSection
EndProject
Project("{2150E333-8FDC-42A3-9474-1A3956D46DE8}") = "Frontend-wwwroot", "Frontend-wwwroot", "{C485926B-EE98-033D-37CE-936B071D0255}"
	ProjectSection(SolutionItems) = preProject
		Frontend\wwwroot\index.html = Frontend\wwwroot\index.html
		Frontend\wwwroot\css\app.css = Frontend\wwwroot\css\app.css
		Frontend\wwwroot\js\app.js = Frontend\wwwroot\js\app.js
		Frontend\wwwroot\js\services\api.js = Frontend\wwwroot\js\services\api.js
		Frontend\wwwroot\js\services\auth.js = Frontend\wwwroot\js\services\auth.js
		Frontend\wwwroot\js\viewmodels\dashboard.js = Frontend\wwwroot\js\viewmodels\dashboard.js
		Frontend\wwwroot\js\viewmodels\checklists.js = Frontend\wwwroot\js\viewmodels\checklists.js
		Frontend\wwwroot\js\viewmodels\evaluations.js = Frontend\wwwroot\js\viewmodels\evaluations.js
		Frontend\wwwroot\js\viewmodels\assignments.js = Frontend\wwwroot\js\viewmodels\assignments.js
	EndProjectSection
EndProject
Project("{FAE04EC0-301F-11D3-BF4B-00C04F79EFBC}") = "SecretCustomer.API", "Backend\SecretCustomer.API\SecretCustomer.API.csproj", "{71AE639B-B487-4AEB-8C66-067C32B96255}"
EndProject
Project("{FAE04EC0-301F-11D3-BF4B-00C04F79EFBC}") = "SecretCustomer.Core", "Backend\SecretCustomer.Core\SecretCustomer.Core.csproj", "{50AE709C-427F-4C77-A2BE-F637211E4B03}"
EndProject
Project("{FAE04EC0-301F-11D3-BF4B-00C04F79EFBC}") = "SecretCustomer.Data", "Backend\SecretCustomer.Data\SecretCustomer.Data.csproj", "{541CBDE7-0540-42CE-9BB6-3C51B39934D7}"
EndProject
Project("{FAE04EC0-301F-11D3-BF4B-00C04F79EFBC}") = "SecretCustomer.Services", "Backend\SecretCustomer.Services\SecretCustomer.Services.csproj", "{8196F08E-6336-4479-BD40-172E9882E9A8}"
EndProject
Project("{FAE04EC0-301F-11D3-BF4B-00C04F79EFBC}") = "SecretCustomer.Services.Tests", "Backend\SecretCustomer.Services.Tests\SecretCustomer.Services.Tests.csproj", "{0B7F1C19-90DE-4DF2-821B-4FE9F43FC974}"
EndProject
Project("{FAE04EC0-301F-11D3-BF4B-00C04F79EFBC}") = "SecretCustomer.API.Tests", "Backend\SecretCustomer.API.Tests\SecretCustomer.API.Tests.csproj", "{BDF560CE-4989-4351-98F6-42233965F812}"
EndProject
Global
	GlobalSection(SolutionConfigurationPlatforms) = preSolution
		Debug|Any CPU = Debug|Any CPU
		Debug|x64 = Debug|x64
		Debug|x86 = Debug|x86
		Release|Any CPU = Release|Any CPU
		Release|x64 = Release|x64
		Release|x86 = Release|x86
	EndGlobalSection
	GlobalSection(ProjectConfigurationPlatforms) = postSolution
		{71AE639B-B487-4AEB-8C66-067C32B96255}.Debug|Any CPU.ActiveCfg = Debug|Any CPU
		{71AE639B-B487-4AEB-8C66-067C32B96255}.Debug|Any CPU.Build.0 = Debug|Any CPU
		{71AE639B-B487-4AEB-8C66-067C32B96255}.Debug|x64.ActiveCfg = Debug|Any CPU
		{71AE639B-B487-4AEB-8C66-067C32B96255}.Debug|x64.Build.0 = Debug|Any CPU
		{71AE639B-B487-4AEB-8C66-067C32B96255}.Debug|x86.ActiveCfg = Debug|Any CPU
		{71AE639B-B487-4AEB-8C66-067C32B96255}.Debug|x86.Build.0 = Debug|Any CPU
		{71AE639B-B487-4AEB-8C66-067C32B96255}.Release|Any CPU.ActiveCfg = Release|Any CPU
		{71AE639B-B487-4AEB-8C66-067C32B96255}.Release|Any CPU.Build.0 = Release|Any CPU
		{71AE639B-B487-4AEB-8C66-067C32B96255}.Release|x64.ActiveCfg = Release|Any CPU
		{71AE639B-B487-4AEB-8C66-067C32B96255}.Release|x64.Build.0 = Release|Any CPU
		{71AE639B-B487-4AEB-8C66-067C32B96255}.Release|x86.ActiveCfg = Release|Any CPU
		{71AE639B-B487-4AEB-8C66-067C32B96255}.Release|x86.Build.0 = Release|Any CPU
		{50AE709C-427F-4C77-A2BE-F637211E4B03}.Debug|Any CPU.ActiveCfg = Debug|Any CPU
		{50AE709C-427F-4C77-A2BE-F637211E4B03}.Debug|Any CPU.Build.0 = Debug|Any CPU
		{50AE709C-427F-4C77-A2BE-F637211E4B03}.Debug|x64.ActiveCfg = Debug|Any CPU
		{50AE709C-427F-4C77-A2BE-F637211E4B03}.Debug|x64.Build.0 = Debug|Any CPU
		{50AE709C-427F-4C77-A2BE-F637211E4B03}.Debug|x86.ActiveCfg = Debug|Any CPU
		{50AE709C-427F-4C77-A2BE-F637211E4B03}.Debug|x86.Build.0 = Debug|Any CPU
		{50AE709C-427F-4C77-A2BE-F637211E4B03}.Release|Any CPU.ActiveCfg = Release|Any CPU
		{50AE709C-427F-4C77-A2BE-F637211E4B03}.Release|Any CPU.Build.0 = Release|Any CPU
		{50AE709C-427F-4C77-A2BE-F637211E4B03}.Release|x64.ActiveCfg = Release|Any CPU
		{50AE709C-427F-4C77-A2BE-F637211E4B03}.Release|x64.Build.0 = Release|Any CPU
		{50AE709C-427F-4C77-A2BE-F637211E4B03}.Release|x86.ActiveCfg = Release|Any CPU
		{50AE709C-427F-4C77-A2BE-F637211E4B03}.Release|x86.Build.0 = Release|Any CPU
		{541CBDE7-0540-42CE-9BB6-3C51B39934D7}.Debug|Any CPU.ActiveCfg = Debug|Any CPU
		{541CBDE7-0540-42CE-9BB6-3C51B39934D7}.Debug|Any CPU.Build.0 = Debug|Any CPU
		{541CBDE7-0540-42CE-9BB6-3C51B39934D7}.Debug|x64.ActiveCfg = Debug|Any CPU
		{541CBDE7-0540-42CE-9BB6-3C51B39934D7}.Debug|x64.Build.0 = Debug|Any CPU
		{541CBDE7-0540-42CE-9BB6-3C51B39934D7}.Debug|x86.ActiveCfg = Debug|Any CPU
		{541CBDE7-0540-42CE-9BB6-3C51B39934D7}.Debug|x86.Build.0 = Debug|Any CPU
		{541CBDE7-0540-42CE-9BB6-3C51B39934D7}.Release|Any CPU.ActiveCfg = Release|Any CPU
		{541CBDE7-0540-42CE-9BB6-3C51B39934D7}.Release|Any CPU.Build.0 = Release|Any CPU
		{541CBDE7-0540-42CE-9BB6-3C51B39934D7}.Release|x64.ActiveCfg = Release|Any CPU
		{541CBDE7-0540-42CE-9BB6-3C51B39934D7}.Release|x64.Build.0 = Release|Any CPU
		{541CBDE7-0540-42CE-9BB6-3C51B39934D7}.Release|x86.ActiveCfg = Release|Any CPU
		{541CBDE7-0540-42CE-9BB6-3C51B39934D7}.Release|x86.Build.0 = Release|Any CPU
		{8196F08E-6336-4479-BD40-172E9882E9A8}.Debug|Any CPU.ActiveCfg = Debug|Any CPU
		{8196F08E-6336-4479-BD40-172E9882E9A8}.Debug|Any CPU.Build.0 = Debug|Any CPU
		{8196F08E-6336-4479-BD40-172E9882E9A8}.Debug|x64.ActiveCfg = Debug|Any CPU
		{8196F08E-6336-4479-BD40-172E9882E9A8}.Debug|x64.Build.0 = Debug|Any CPU
		{8196F08E-6336-4479-BD40-172E9882E9A8}.Debug|x86.ActiveCfg = Debug|Any CPU
		{8196F08E-6336-4479-BD40-172E9882E9A8}.Debug|x86.Build.0 = Debug|Any CPU
		{8196F08E-6336-4479-BD40-172E9882E9A8}.Release|Any CPU.ActiveCfg = Release|Any CPU
		{8196F08E-6336-4479-BD40-172E9882E9A8}.Release|Any CPU.Build.0 = Release|Any CPU
		{8196F08E-6336-4479-BD40-172E9882E9A8}.Release|x64.ActiveCfg = Release|Any CPU
		{8196F08E-6336-4479-BD40-172E9882E9A8}.Release|x64.Build.0 = Release|Any CPU
		{8196F08E-6336-4479-BD40-172E9882E9A8}.Release|x86.ActiveCfg = Release|Any CPU
		{8196F08E-6336-4479-BD40-172E9882E9A8}.Release|x86.Build.0 = Release|Any CPU
		{0B7F1C19-90DE-4DF2-821B-4FE9F43FC974}.Debug|Any CPU.ActiveCfg = Debug|Any CPU
		{0B7F1C19-90DE-4DF2-821B-4FE9F43FC974}.Debug|Any CPU.Build.0 = Debug|Any CPU
		{0B7F1C19-90DE-4DF2-821B-4FE9F43FC974}.Debug|x64.ActiveCfg = Debug|Any CPU
		{0B7F1C19-90DE-4DF2-821B-4FE9F43FC974}.Debug|x64.Build.0 = Debug|Any CPU
		{0B7F1C19-90DE-4DF2-821B-4FE9F43FC974}.Debug|x86.ActiveCfg = Debug|Any CPU
		{0B7F1C19-90DE-4DF2-821B-4FE9F43FC974}.Debug|x86.Build.0 = Debug|Any CPU
		{0B7F1C19-90DE-4DF2-821B-4FE9F43FC974}.Release|Any CPU.ActiveCfg = Release|Any CPU
		{0B7F1C19-90DE-4DF2-821B-4FE9F43FC974}.Release|Any CPU.Build.0 = Release|Any CPU
		{0B7F1C19-90DE-4DF2-821B-4FE9F43FC974}.Release|x64.ActiveCfg = Release|Any CPU
		{0B7F1C19-90DE-4DF2-821B-4FE9F43FC974}.Release|x64.Build.0 = Release|Any CPU
		{0B7F1C19-90DE-4DF2-821B-4FE9F43FC974}.Release|x86.ActiveCfg = Release|Any CPU
		{0B7F1C19-90DE-4DF2-821B-4FE9F43FC974}.Release|x86.Build.0 = Release|Any CPU
		{BDF560CE-4989-4351-98F6-42233965F812}.Debug|Any CPU.ActiveCfg = Debug|Any CPU
		{BDF560CE-4989-4351-98F6-42233965F812}.Debug|Any CPU.Build.0 = Debug|Any CPU
		{BDF560CE-4989-4351-98F6-42233965F812}.Debug|x64.ActiveCfg = Debug|Any CPU
		{BDF560CE-4989-4351-98F6-42233965F812}.Debug|x64.Build.0 = Debug|Any CPU
		{BDF560CE-4989-4351-98F6-42233965F812}.Debug|x86.ActiveCfg = Debug|Any CPU
		{BDF560CE-4989-4351-98F6-42233965F812}.Debug|x86.Build.0 = Debug|Any CPU
		{BDF560CE-4989-4351-98F6-42233965F812}.Release|Any CPU.ActiveCfg = Release|Any CPU
		{BDF560CE-4989-4351-98F6-42233965F812}.Release|Any CPU.Build.0 = Release|Any CPU
		{BDF560CE-4989-4351-98F6-42233965F812}.Release|x64.ActiveCfg = Release|Any CPU
		{BDF560CE-4989-4351-98F6-42233965F812}.Release|x64.Build.0 = Release|Any CPU
		{BDF560CE-4989-4351-98F6-42233965F812}.Release|x86.ActiveCfg = Release|Any CPU
		{BDF560CE-4989-4351-98F6-42233965F812}.Release|x86.Build.0 = Release|Any CPU
	EndGlobalSection
	GlobalSection(SolutionProperties) = preSolution
		HideSolutionNode = FALSE
	EndGlobalSection
	GlobalSection(NestedProjects) = preSolution
		{71AE639B-B487-4AEB-8C66-067C32B96255} = {1AE8ACA6-933B-BF2A-3671-3E2EAC007D16}
		{50AE709C-427F-4C77-A2BE-F637211E4B03} = {1AE8ACA6-933B-BF2A-3671-3E2EAC007D16}
		{541CBDE7-0540-42CE-9BB6-3C51B39934D7} = {1AE8ACA6-933B-BF2A-3671-3E2EAC007D16}
		{8196F08E-6336-4479-BD40-172E9882E9A8} = {1AE8ACA6-933B-BF2A-3671-3E2EAC007D16}
		{0B7F1C19-90DE-4DF2-821B-4FE9F43FC974} = {1AE8ACA6-933B-BF2A-3671-3E2EAC007D16}
		{BDF560CE-4989-4351-98F6-42233965F812} = {1AE8ACA6-933B-BF2A-3671-3E2EAC007D16}
	EndGlobalSection
EndGlobal
